
Microsoft Visual Studio Solution File, Format Version 12.00
# Visual Studio Version 17
VisualStudioVersion = 17.14.36623.8
MinimumVisualStudioVersion = 10.0.40219.1
Project("{FAE04EC0-301F-11D3-BF4B-00C04F79EFBC}") = "SettingsRegister.Domain", "BackOfficeSmall.Domain\\SettingsRegister.Domain.csproj", "{5AFFF103-ECC8-41C7-98D3-01160AEC42FF}"
EndProject
Project("{FAE04EC0-301F-11D3-BF4B-00C04F79EFBC}") = "SettingsRegister.Application", "BackOfficeSmall.Application\\SettingsRegister.Application.csproj", "{4D6C1C17-6844-449F-BC35-B62EEEE413C3}"
EndProject
Project("{FAE04EC0-301F-11D3-BF4B-00C04F79EFBC}") = "SettingsRegister.Infrastructure", "BackOfficeSmall.Infrastructure\\SettingsRegister.Infrastructure.csproj", "{C45F1489-1A6C-44CF-B33D-3BE0DE388F0E}"
EndProject
Project("{FAE04EC0-301F-11D3-BF4B-00C04F79EFBC}") = "SettingsRegister.Api", "BackOfficeSmall.Api\\SettingsRegister.Api.csproj", "{539F9BD8-08C7-4897-ABE5-BCDE8F16B455}"
EndProject
Project("{FAE04EC0-301F-11D3-BF4B-00C04F79EFBC}") = "SettingsRegister.Tests", "BackOfficeSmall.Tests\\SettingsRegister.Tests.csproj", "{320C803F-5BCE-40AB-ABAA-E810559B704B}"
EndProject
Project("{FAE04EC0-301F-11D3-BF4B-00C04F79EFBC}") = "SettingsRegister.Domain.Tests", "BackOfficeSmall.Domain.Tests\\SettingsRegister.Domain.Tests.csproj", "{DA6EECAB-88D7-4E83-8D39-4595AEFC6EAA}"
EndProject
Project("{2150E333-8FDC-42A3-9474-1A3956D46DE8}") = "Tests", "Tests", "{02EA681E-C7D8-13C7-8484-4AC65E1B71E8}"
EndProject
Global
	GlobalSection(SolutionConfigurationPlatforms) = preSolution
		Debug|Any CPU = Debug|Any CPU
		Debug|x64 = Debug|x64
		Debug|x86 = Debug|x86
		Release|Any CPU = Release|Any CPU
		Release|x64 = Release|x64
		Release|x86 = Release|x86
	EndGlobalSection
	GlobalSection(ProjectConfigurationPlatforms) = postSolution
		{5AFFF103-ECC8-41C7-98D3-01160AEC42FF}.Debug|Any CPU.ActiveCfg = Debug|Any CPU
		{5AFFF103-ECC8-41C7-98D3-01160AEC42FF}.Debug|Any CPU.Build.0 = Debug|Any CPU
		{5AFFF103-ECC8-41C7-98D3-01160AEC42FF}.Debug|x64.ActiveCfg = Debug|Any CPU
		{5AFFF103-ECC8-41C7-98D3-01160AEC42FF}.Debug|x64.Build.0 = Debug|Any CPU
		{5AFFF103-ECC8-41C7-98D3-01160AEC42FF}.Debug|x86.ActiveCfg = Debug|Any CPU
		{5AFFF103-ECC8-41C7-98D3-01160AEC42FF}.Debug|x86.Build.0 = Debug|Any CPU
		{5AFFF103-ECC8-41C7-98D3-01160AEC42FF}.Release|Any CPU.ActiveCfg = Release|Any CPU
		{5AFFF103-ECC8-41C7-98D3-01160AEC42FF}.Release|Any CPU.Build.0 = Release|Any CPU
		{5AFFF103-ECC8-41C7-98D3-01160AEC42FF}.Release|x64.ActiveCfg = Release|Any CPU
		{5AFFF103-ECC8-41C7-98D3-01160AEC42FF}.Release|x64.Build.0 = Release|Any CPU
		{5AFFF103-ECC8-41C7-98D3-01160AEC42FF}.Release|x86.ActiveCfg = Release|Any CPU
		{5AFFF103-ECC8-41C7-98D3-01160AEC42FF}.Release|x86.Build.0 = Release|Any CPU
		{4D6C1C17-6844-449F-BC35-B62EEEE413C3}.Debug|Any CPU.ActiveCfg = Debug|Any CPU
		{4D6C1C17-6844-449F-BC35-B62EEEE413C3}.Debug|Any CPU.Build.0 = Debug|Any CPU
		{4D6C1C17-6844-449F-BC35-B62EEEE413C3}.Debug|x64.ActiveCfg = Debug|Any CPU
		{4D6C1C17-6844-449F-BC35-B62EEEE413C3}.Debug|x64.Build.0 = Debug|Any CPU
		{4D6C1C17-6844-449F-BC35-B62EEEE413C3}.Debug|x86.ActiveCfg = Debug|Any CPU
		{4D6C1C17-6844-449F-BC35-B62EEEE413C3}.Debug|x86.Build.0 = Debug|Any CPU
		{4D6C1C17-6844-449F-BC35-B62EEEE413C3}.Release|Any CPU.ActiveCfg = Release|Any CPU
		{4D6C1C17-6844-449F-BC35-B62EEEE413C3}.Release|Any CPU.Build.0 = Release|Any CPU
		{4D6C1C17-6844-449F-BC35-B62EEEE413C3}.Release|x64.ActiveCfg = Release|Any CPU
		{4D6C1C17-6844-449F-BC35-B62EEEE413C3}.Release|x64.Build.0 = Release|Any CPU
		{4D6C1C17-6844-449F-BC35-B62EEEE413C3}.Release|x86.ActiveCfg = Release|Any CPU
		{4D6C1C17-6844-449F-BC35-B62EEEE413C3}.Release|x86.Build.0 = Release|Any CPU
		{C45F1489-1A6C-44CF-B33D-3BE0DE388F0E}.Debug|Any CPU.ActiveCfg = Debug|Any CPU
		{C45F1489-1A6C-44CF-B33D-3BE0DE388F0E}.Debug|Any CPU.Build.0 = Debug|Any CPU
		{C45F1489-1A6C-44CF-B33D-3BE0DE388F0E}.Debug|x64.ActiveCfg = Debug|Any CPU
		{C45F1489-1A6C-44CF-B33D-3BE0DE388F0E}.Debug|x64.Build.0 = Debug|Any CPU
		{C45F1489-1A6C-44CF-B33D-3BE0DE388F0E}.Debug|x86.ActiveCfg = Debug|Any CPU
		{C45F1489-1A6C-44CF-B33D-3BE0DE388F0E}.Debug|x86.Build.0 = Debug|Any CPU
		{C45F1489-1A6C-44CF-B33D-3BE0DE388F0E}.Release|Any CPU.ActiveCfg = Release|Any CPU
		{C45F1489-1A6C-44CF-B33D-3BE0DE388F0E}.Release|Any CPU.Build.0 = Release|Any CPU
		{C45F1489-1A6C-44CF-B33D-3BE0DE388F0E}.Release|x64.ActiveCfg = Release|Any CPU
		{C45F1489-1A6C-44CF-B33D-3BE0DE388F0E}.Release|x64.Build.0 = Release|Any CPU
		{C45F1489-1A6C-44CF-B33D-3BE0DE388F0E}.Release|x86.ActiveCfg = Release|Any CPU
		{C45F1489-1A6C-44CF-B33D-3BE0DE388F0E}.Release|x86.Build.0 = Release|Any CPU
		{539F9BD8-08C7-4897-ABE5-BCDE8F16B455}.Debug|Any CPU.ActiveCfg = Debug|Any CPU
		{539F9BD8-08C7-4897-ABE5-BCDE8F16B455}.Debug|Any CPU.Build.0 = Debug|Any CPU
		{539F9BD8-08C7-4897-ABE5-BCDE8F16B455}.Debug|x64.ActiveCfg = Debug|Any CPU
		{539F9BD8-08C7-4897-ABE5-BCDE8F16B455}.Debug|x64.Build.0 = Debug|Any CPU
		{539F9BD8-08C7-4897-ABE5-BCDE8F16B455}.Debug|x86.ActiveCfg = Debug|Any CPU
		{539F9BD8-08C7-4897-ABE5-BCDE8F16B455}.Debug|x86.Build.0 = Debug|Any CPU
		{539F9BD8-08C7-4897-ABE5-BCDE8F16B455}.Release|Any CPU.ActiveCfg = Release|Any CPU
		{539F9BD8-08C7-4897-ABE5-BCDE8F16B455}.Release|Any CPU.Build.0 = Release|Any CPU
		{539F9BD8-08C7-4897-ABE5-BCDE8F16B455}.Release|x64.ActiveCfg = Release|Any CPU
		{539F9BD8-08C7-4897-ABE5-BCDE8F16B455}.Release|x64.Build.0 = Release|Any CPU
		{539F9BD8-08C7-4897-ABE5-BCDE8F16B455}.Release|x86.ActiveCfg = Release|Any CPU
		{539F9BD8-08C7-4897-ABE5-BCDE8F16B455}.Release|x86.Build.0 = Release|Any CPU
		{320C803F-5BCE-40AB-ABAA-E810559B704B}.Debug|Any CPU.ActiveCfg = Debug|Any CPU
		{320C803F-5BCE-40AB-ABAA-E810559B704B}.Debug|Any CPU.Build.0 = Debug|Any CPU
		{320C803F-5BCE-40AB-ABAA-E810559B704B}.Debug|x64.ActiveCfg = Debug|Any CPU
		{320C803F-5BCE-40AB-ABAA-E810559B704B}.Debug|x64.Build.0 = Debug|Any CPU
		{320C803F-5BCE-40AB-ABAA-E810559B704B}.Debug|x86.ActiveCfg = Debug|Any CPU
		{320C803F-5BCE-40AB-ABAA-E810559B704B}.Debug|x86.Build.0 = Debug|Any CPU
		{320C803F-5BCE-40AB-ABAA-E810559B704B}.Release|Any CPU.ActiveCfg = Release|Any CPU
		{320C803F-5BCE-40AB-ABAA-E810559B704B}.Release|Any CPU.Build.0 = Release|Any CPU
		{320C803F-5BCE-40AB-ABAA-E810559B704B}.Release|x64.ActiveCfg = Release|Any CPU
		{320C803F-5BCE-40AB-ABAA-E810559B704B}.Release|x64.Build.0 = Release|Any CPU
		{320C803F-5BCE-40AB-ABAA-E810559B704B}.Release|x86.ActiveCfg = Release|Any CPU
		{320C803F-5BCE-40AB-ABAA-E810559B704B}.Release|x86.Build.0 = Release|Any CPU
		{DA6EECAB-88D7-4E83-8D39-4595AEFC6EAA}.Debug|Any CPU.ActiveCfg = Debug|Any CPU
		{DA6EECAB-88D7-4E83-8D39-4595AEFC6EAA}.Debug|Any CPU.Build.0 = Debug|Any CPU
		{DA6EECAB-88D7-4E83-8D39-4595AEFC6EAA}.Debug|x64.ActiveCfg = Debug|Any CPU
		{DA6EECAB-88D7-4E83-8D39-4595AEFC6EAA}.Debug|x64.Build.0 = Debug|Any CPU
		{DA6EECAB-88D7-4E83-8D39-4595AEFC6EAA}.Debug|x86.ActiveCfg = Debug|Any CPU
		{DA6EECAB-88D7-4E83-8D39-4595AEFC6EAA}.Debug|x86.Build.0 = Debug|Any CPU
		{DA6EECAB-88D7-4E83-8D39-4595AEFC6EAA}.Release|Any CPU.ActiveCfg = Release|Any CPU
		{DA6EECAB-88D7-4E83-8D39-4595AEFC6EAA}.Release|Any CPU.Build.0 = Release|Any CPU
		{DA6EECAB-88D7-4E83-8D39-4595AEFC6EAA}.Release|x64.ActiveCfg = Release|Any CPU
		{DA6EECAB-88D7-4E83-8D39-4595AEFC6EAA}.Release|x64.Build.0 = Release|Any CPU
		{DA6EECAB-88D7-4E83-8D39-4595AEFC6EAA}.Release|x86.ActiveCfg = Release|Any CPU
		{DA6EECAB-88D7-4E83-8D39-4595AEFC6EAA}.Release|x86.Build.0 = Release|Any CPU
	EndGlobalSection
	GlobalSection(SolutionProperties) = preSolution
		HideSolutionNode = FALSE
	EndGlobalSection
	GlobalSection(NestedProjects) = preSolution
		{320C803F-5BCE-40AB-ABAA-E810559B704B} = {02EA681E-C7D8-13C7-8484-4AC65E1B71E8}
		{DA6EECAB-88D7-4E83-8D39-4595AEFC6EAA} = {02EA681E-C7D8-13C7-8484-4AC65E1B71E8}
	EndGlobalSection
	GlobalSection(ExtensibilityGlobals) = postSolution
		SolutionGuid = {BFE6C651-C331-4D79-85DF-1E361EB639F7}
	EndGlobalSection
EndGlobal


